// !$*UTF8*$!
{
	archiveVersion = 1;
	classes = {
	};
	objectVersion = 50;
	objects = {

/* Begin PBXBuildFile section */
		2A428BC424CFE9CE009E9FF7 /* AppDelegate.swift in Sources */ = {isa = PBXBuildFile; fileRef = 2A428BC324CFE9CE009E9FF7 /* AppDelegate.swift */; };
		2A428BC624CFE9CE009E9FF7 /* SceneDelegate.swift in Sources */ = {isa = PBXBuildFile; fileRef = 2A428BC524CFE9CE009E9FF7 /* SceneDelegate.swift */; };
		2A428BC824CFE9CE009E9FF7 /* ViewController.swift in Sources */ = {isa = PBXBuildFile; fileRef = 2A428BC724CFE9CE009E9FF7 /* ViewController.swift */; };
		2A428BCB24CFE9CE009E9FF7 /* Main.storyboard in Resources */ = {isa = PBXBuildFile; fileRef = 2A428BC924CFE9CE009E9FF7 /* Main.storyboard */; };
		2A428BCD24CFE9D2009E9FF7 /* Assets.xcassets in Resources */ = {isa = PBXBuildFile; fileRef = 2A428BCC24CFE9D2009E9FF7 /* Assets.xcassets */; };
		2A428BD024CFE9D2009E9FF7 /* LaunchScreen.storyboard in Resources */ = {isa = PBXBuildFile; fileRef = 2A428BCE24CFE9D2009E9FF7 /* LaunchScreen.storyboard */; };
		2A428BDD24CFEBD9009E9FF7 /* Constants.swift in Sources */ = {isa = PBXBuildFile; fileRef = 2A428BDB24CFEBD9009E9FF7 /* Constants.swift */; };
		2A428BDE24CFEBD9009E9FF7 /* Utilities.swift in Sources */ = {isa = PBXBuildFile; fileRef = 2A428BDC24CFEBD9009E9FF7 /* Utilities.swift */; };
/* End PBXBuildFile section */

/* Begin PBXFileReference section */
		2A428BC024CFE9CE009E9FF7 /* QuickFix.app */ = {isa = PBXFileReference; explicitFileType = wrapper.application; includeInIndex = 0; path = QuickFix.app; sourceTree = BUILT_PRODUCTS_DIR; };
		2A428BC324CFE9CE009E9FF7 /* AppDelegate.swift */ = {isa = PBXFileReference; lastKnownFileType = sourcecode.swift; path = AppDelegate.swift; sourceTree = "<group>"; };
		2A428BC524CFE9CE009E9FF7 /* SceneDelegate.swift */ = {isa = PBXFileReference; lastKnownFileType = sourcecode.swift; path = SceneDelegate.swift; sourceTree = "<group>"; };
		2A428BC724CFE9CE009E9FF7 /* ViewController.swift */ = {isa = PBXFileReference; lastKnownFileType = sourcecode.swift; path = ViewController.swift; sourceTree = "<group>"; };
		2A428BCA24CFE9CE009E9FF7 /* Base */ = {isa = PBXFileReference; lastKnownFileType = file.storyboard; name = Base; path = Base.lproj/Main.storyboard; sourceTree = "<group>"; };
		2A428BCC24CFE9D2009E9FF7 /* Assets.xcassets */ = {isa = PBXFileReference; lastKnownFileType = folder.assetcatalog; path = Assets.xcassets; sourceTree = "<group>"; };
		2A428BCF24CFE9D2009E9FF7 /* Base */ = {isa = PBXFileReference; lastKnownFileType = file.storyboard; name = Base; path = Base.lproj/LaunchScreen.storyboard; sourceTree = "<group>"; };
		2A428BD124CFE9D2009E9FF7 /* Info.plist */ = {isa = PBXFileReference; lastKnownFileType = text.plist.xml; path = Info.plist; sourceTree = "<group>"; };
		2A428BDB24CFEBD9009E9FF7 /* Constants.swift */ = {isa = PBXFileReference; fileEncoding = 4; lastKnownFileType = sourcecode.swift; path = Constants.swift; sourceTree = "<group>"; };
		2A428BDC24CFEBD9009E9FF7 /* Utilities.swift */ = {isa = PBXFileReference; fileEncoding = 4; lastKnownFileType = sourcecode.swift; path = Utilities.swift; sourceTree = "<group>"; };
/* End PBXFileReference section */

/* Begin PBXFrameworksBuildPhase section */
		2A428BBD24CFE9CE009E9FF7 /* Frameworks */ = {
			isa = PBXFrameworksBuildPhase;
			buildActionMask = 2147483647;
			files = (
			);
			runOnlyForDeploymentPostprocessing = 0;
		};
/* End PBXFrameworksBuildPhase section */

/* Begin PBXGroup section */
		2A428BB724CFE9CE009E9FF7 = {
			isa = PBXGroup;
			children = (
				2A428BC224CFE9CE009E9FF7 /* QuickFix */,
				2A428BC124CFE9CE009E9FF7 /* Products */,
			);
			sourceTree = "<group>";
		};
		2A428BC124CFE9CE009E9FF7 /* Products */ = {
			isa = PBXGroup;
			children = (
				2A428BC024CFE9CE009E9FF7 /* QuickFix.app */,
			);
			name = Products;
			sourceTree = "<group>";
		};
		2A428BC224CFE9CE009E9FF7 /* QuickFix */ = {
			isa = PBXGroup;
			children = (
				2A428BDA24CFEBB7009E9FF7 /* Helpers */,
				2A428BC324CFE9CE009E9FF7 /* AppDelegate.swift */,
				2A428BC524CFE9CE009E9FF7 /* SceneDelegate.swift */,
				2A428BC724CFE9CE009E9FF7 /* ViewController.swift */,
				2A428BC924CFE9CE009E9FF7 /* Main.storyboard */,
				2A428BCC24CFE9D2009E9FF7 /* Assets.xcassets */,
				2A428BCE24CFE9D2009E9FF7 /* LaunchScreen.storyboard */,
				2A428BD124CFE9D2009E9FF7 /* Info.plist */,
			);
			path = QuickFix;
			sourceTree = "<group>";
		};
		2A428BDA24CFEBB7009E9FF7 /* Helpers */ = {
			isa = PBXGroup;
			children = (
				2A428BDB24CFEBD9009E9FF7 /* Constants.swift */,
				2A428BDC24CFEBD9009E9FF7 /* Utilities.swift */,
			);
			path = Helpers;
			sourceTree = "<group>";
		};
/* End PBXGroup section */

/* Begin PBXNativeTarget section */
		2A428BBF24CFE9CE009E9FF7 /* QuickFix */ = {
			isa = PBXNativeTarget;
			buildConfigurationList = 2A428BD424CFE9D2009E9FF7 /* Build configuration list for PBXNativeTarget "QuickFix" */;
			buildPhases = (
				2A428BBC24CFE9CE009E9FF7 /* Sources */,
				2A428BBD24CFE9CE009E9FF7 /* Frameworks */,
				2A428BBE24CFE9CE009E9FF7 /* Resources */,
			);
			buildRules = (
			);
			dependencies = (
			);
			name = QuickFix;
			productName = QuickFix;
			productReference = 2A428BC024CFE9CE009E9FF7 /* QuickFix.app */;
			productType = "com.apple.product-type.application";
		};
/* End PBXNativeTarget section */

/* Begin PBXProject section */
		2A428BB824CFE9CE009E9FF7 /* Project object */ = {
			isa = PBXProject;
			attributes = {
				LastSwiftUpdateCheck = 1160;
				LastUpgradeCheck = 1160;
				ORGANIZATIONNAME = "Muhammad Osaid";
				TargetAttributes = {
					2A428BBF24CFE9CE009E9FF7 = {
						CreatedOnToolsVersion = 11.6;
					};
				};
			};
			buildConfigurationList = 2A428BBB24CFE9CE009E9FF7 /* Build configuration list for PBXProject "QuickFix" */;
			compatibilityVersion = "Xcode 9.3";
			developmentRegion = en;
			hasScannedForEncodings = 0;
			knownRegions = (
				en,
				Base,
			);
			mainGroup = 2A428BB724CFE9CE009E9FF7;
			productRefGroup = 2A428BC124CFE9CE009E9FF7 /* Products */;
			projectDirPath = "";
			projectRoot = "";
			targets = (
				2A428BBF24CFE9CE009E9FF7 /* QuickFix */,
			);
		};
/* End PBXProject section */

/* Begin PBXResourcesBuildPhase section */
		2A428BBE24CFE9CE009E9FF7 /* Resources */ = {
			isa = PBXResourcesBuildPhase;
			buildActionMask = 2147483647;
			files = (
				2A428BD024CFE9D2009E9FF7 /* LaunchScreen.storyboard in Resources */,
				2A428BCD24CFE9D2009E9FF7 /* Assets.xcassets in Resources */,
				2A428BCB24CFE9CE009E9FF7 /* Main.storyboard in Resources */,
			);
			runOnlyForDeploymentPostprocessing = 0;
		};
/* End PBXResourcesBuildPhase section */

/* Begin PBXSourcesBuildPhase section */
		2A428BBC24CFE9CE009E9FF7 /* Sources */ = {
			isa = PBXSourcesBuildPhase;
			buildActionMask = 2147483647;
			files = (
				2A428BC824CFE9CE009E9FF7 /* ViewController.swift in Sources */,
				2A428BC424CFE9CE009E9FF7 /* AppDelegate.swift in Sources */,
				2A428BC624CFE9CE009E9FF7 /* SceneDelegate.swift in Sources */,
				2A428BDE24CFEBD9009E9FF7 /* Utilities.swift in Sources */,
				2A428BDD24CFEBD9009E9FF7 /* Constants.swift in Sources */,
			);
			runOnlyForDeploymentPostprocessing = 0;
		};
/* End PBXSourcesBuildPhase section */

/* Begin PBXVariantGroup section */
		2A428BC924CFE9CE009E9FF7 /* Main.storyboard */ = {
			isa = PBXVariantGroup;
			children = (
				2A428BCA24CFE9CE009E9FF7 /* Base */,
			);
			name = Main.storyboard;
			sourceTree = "<group>";
		};
		2A428BCE24CFE9D2009E9FF7 /* LaunchScreen.storyboard */ = {
			isa = PBXVariantGroup;
			children = (
				2A428BCF24CFE9D2009E9FF7 /* Base */,
			);
			name = LaunchScreen.storyboard;
			sourceTree = "<group>";
		};
/* End PBXVariantGroup section */

/* Begin XCBuildConfiguration section */
		2A428BD224CFE9D2009E9FF7 /* Debug */ = {
			isa = XCBuildConfiguration;
			buildSettings = {
				ALWAYS_SEARCH_USER_PATHS = NO;
				CLANG_ANALYZER_NONNULL = YES;
				CLANG_ANALYZER_NUMBER_OBJECT_CONVERSION = YES_AGGRESSIVE;
				CLANG_CXX_LANGUAGE_STANDARD = "gnu++14";
				CLANG_CXX_LIBRARY = "libc++";
				CLANG_ENABLE_MODULES = YES;
				CLANG_ENABLE_OBJC_ARC = YES;
				CLANG_ENABLE_OBJC_WEAK = YES;
				CLANG_WARN_BLOCK_CAPTURE_AUTORELEASING = YES;
				CLANG_WARN_BOOL_CONVERSION = YES;
				CLANG_WARN_COMMA = YES;
				CLANG_WARN_CONSTANT_CONVERSION = YES;
				CLANG_WARN_DEPRECATED_OBJC_IMPLEMENTATIONS = YES;
				CLANG_WARN_DIRECT_OBJC_ISA_USAGE = YES_ERROR;
				CLANG_WARN_DOCUMENTATION_COMMENTS = YES;
				CLANG_WARN_EMPTY_BODY = YES;
				CLANG_WARN_ENUM_CONVERSION = YES;
				CLANG_WARN_INFINITE_RECURSION = YES;
				CLANG_WARN_INT_CONVERSION = YES;
				CLANG_WARN_NON_LITERAL_NULL_CONVERSION = YES;
				CLANG_WARN_OBJC_IMPLICIT_RETAIN_SELF = YES;
				CLANG_WARN_OBJC_LITERAL_CONVERSION = YES;
				CLANG_WARN_OBJC_ROOT_CLASS = YES_ERROR;
				CLANG_WARN_RANGE_LOOP_ANALYSIS = YES;
				CLANG_WARN_STRICT_PROTOTYPES = YES;
				CLANG_WARN_SUSPICIOUS_MOVE = YES;
				CLANG_WARN_UNGUARDED_AVAILABILITY = YES_AGGRESSIVE;
				CLANG_WARN_UNREACHABLE_CODE = YES;
				CLANG_WARN__DUPLICATE_METHOD_MATCH = YES;
				COPY_PHASE_STRIP = NO;
				DEBUG_INFORMATION_FORMAT = dwarf;
				ENABLE_STRICT_OBJC_MSGSEND = YES;
				ENABLE_TESTABILITY = YES;
				GCC_C_LANGUAGE_STANDARD = gnu11;
				GCC_DYNAMIC_NO_PIC = NO;
				GCC_NO_COMMON_BLOCKS = YES;
				GCC_OPTIMIZATION_LEVEL = 0;
				GCC_PREPROCESSOR_DEFINITIONS = (
					"DEBUG=1",
					"$(inherited)",
				);
				GCC_WARN_64_TO_32_BIT_CONVERSION = YES;
				GCC_WARN_ABOUT_RETURN_TYPE = YES_ERROR;
				GCC_WARN_UNDECLARED_SELECTOR = YES;
				GCC_WARN_UNINITIALIZED_AUTOS = YES_AGGRESSIVE;
				GCC_WARN_UNUSED_FUNCTION = YES;
				GCC_WARN_UNUSED_VARIABLE = YES;
				IPHONEOS_DEPLOYMENT_TARGET = 13.6;
				MTL_ENABLE_DEBUG_INFO = INCLUDE_SOURCE;
				MTL_FAST_MATH = YES;
				ONLY_ACTIVE_ARCH = YES;
				SDKROOT = iphoneos;
				SWIFT_ACTIVE_COMPILATION_CONDITIONS = DEBUG;
				SWIFT_OPTIMIZATION_LEVEL = "-Onone";
			};
			name = Debug;
		};
		2A428BD324CFE9D2009E9FF7 /* Release */ = {
			isa = XCBuildConfiguration;
			buildSettings = {
				ALWAYS_SEARCH_USER_PATHS = NO;
				CLANG_ANALYZER_NONNULL = YES;
				CLANG_ANALYZER_NUMBER_OBJECT_CONVERSION = YES_AGGRESSIVE;
				CLANG_CXX_LANGUAGE_STANDARD = "gnu++14";
				CLANG_CXX_LIBRARY = "libc++";
				CLANG_ENABLE_MODULES = YES;
				CLANG_ENABLE_OBJC_ARC = YES;
				CLANG_ENABLE_OBJC_WEAK = YES;
				CLANG_WARN_BLOCK_CAPTURE_AUTORELEASING = YES;
				CLANG_WARN_BOOL_CONVERSION = YES;
				CLANG_WARN_COMMA = YES;
				CLANG_WARN_CONSTANT_CONVERSION = YES;
				CLANG_WARN_DEPRECATED_OBJC_IMPLEMENTATIONS = YES;
				CLANG_WARN_DIRECT_OBJC_ISA_USAGE = YES_ERROR;
				CLANG_WARN_DOCUMENTATION_COMMENTS = YES;
				CLANG_WARN_EMPTY_BODY = YES;
				CLANG_WARN_ENUM_CONVERSION = YES;
				CLANG_WARN_INFINITE_RECURSION = YES;
				CLANG_WARN_INT_CONVERSION = YES;
				CLANG_WARN_NON_LITERAL_NULL_CONVERSION = YES;
				CLANG_WARN_OBJC_IMPLICIT_RETAIN_SELF = YES;
				CLANG_WARN_OBJC_LITERAL_CONVERSION = YES;
				CLANG_WARN_OBJC_ROOT_CLASS = YES_ERROR;
				CLANG_WARN_RANGE_LOOP_ANALYSIS = YES;
				CLANG_WARN_STRICT_PROTOTYPES = YES;
				CLANG_WARN_SUSPICIOUS_MOVE = YES;
				CLANG_WARN_UNGUARDED_AVAILABILITY = YES_AGGRESSIVE;
				CLANG_WARN_UNREACHABLE_CODE = YES;
				CLANG_WARN__DUPLICATE_METHOD_MATCH = YES;
				COPY_PHASE_STRIP = NO;
				DEBUG_INFORMATION_FORMAT = "dwarf-with-dsym";
				ENABLE_NS_ASSERTIONS = NO;
				ENABLE_STRICT_OBJC_MSGSEND = YES;
				GCC_C_LANGUAGE_STANDARD = gnu11;
				GCC_NO_COMMON_BLOCKS = YES;
				GCC_WARN_64_TO_32_BIT_CONVERSION = YES;
				GCC_WARN_ABOUT_RETURN_TYPE = YES_ERROR;
				GCC_WARN_UNDECLARED_SELECTOR = YES;
				GCC_WARN_UNINITIALIZED_AUTOS = YES_AGGRESSIVE;
				GCC_WARN_UNUSED_FUNCTION = YES;
				GCC_WARN_UNUSED_VARIABLE = YES;
				IPHONEOS_DEPLOYMENT_TARGET = 13.6;
				MTL_ENABLE_DEBUG_INFO = NO;
				MTL_FAST_MATH = YES;
				SDKROOT = iphoneos;
				SWIFT_COMPILATION_MODE = wholemodule;
				SWIFT_OPTIMIZATION_LEVEL = "-O";
				VALIDATE_PRODUCT = YES;
			};
			name = Release;
		};
		2A428BD524CFE9D2009E9FF7 /* Debug */ = {
			isa = XCBuildConfiguration;
			buildSettings = {
				ASSETCATALOG_COMPILER_APPICON_NAME = AppIcon;
				CODE_SIGN_STYLE = Automatic;
				INFOPLIST_FILE = QuickFix/Info.plist;
				LD_RUNPATH_SEARCH_PATHS = (
					"$(inherited)",
					"@executable_path/Frameworks",
				);
				PRODUCT_BUNDLE_IDENTIFIER = com.muhammadosaid..QuickFix;
				PRODUCT_NAME = "$(TARGET_NAME)";
				SWIFT_VERSION = 5.0;
				TARGETED_DEVICE_FAMILY = "1,2";
			};
			name = Debug;
		};
		2A428BD624CFE9D2009E9FF7 /* Release */ = {
			isa = XCBuildConfiguration;
			buildSettings = {
				ASSETCATALOG_COMPILER_APPICON_NAME = AppIcon;
				CODE_SIGN_STYLE = Automatic;
				INFOPLIST_FILE = QuickFix/Info.plist;
				LD_RUNPATH_SEARCH_PATHS = (
					"$(inherited)",
					"@executable_path/Frameworks",
				);
				PRODUCT_BUNDLE_IDENTIFIER = com.muhammadosaid..QuickFix;
				PRODUCT_NAME = "$(TARGET_NAME)";
				SWIFT_VERSION = 5.0;
				TARGETED_DEVICE_FAMILY = "1,2";
			};
			name = Release;
		};
/* End XCBuildConfiguration section */

/* Begin XCConfigurationList section */
		2A428BBB24CFE9CE009E9FF7 /* Build configuration list for PBXProject "QuickFix" */ = {
			isa = XCConfigurationList;
			buildConfigurations = (
				2A428BD224CFE9D2009E9FF7 /* Debug */,
				2A428BD324CFE9D2009E9FF7 /* Release */,
			);
			defaultConfigurationIsVisible = 0;
			defaultConfigurationName = Release;
		};
		2A428BD424CFE9D2009E9FF7 /* Build configuration list for PBXNativeTarget "QuickFix" */ = {
			isa = XCConfigurationList;
			buildConfigurations = (
				2A428BD524CFE9D2009E9FF7 /* Debug */,
				2A428BD624CFE9D2009E9FF7 /* Release */,
			);
			defaultConfigurationIsVisible = 0;
			defaultConfigurationName = Release;
		};
/* End XCConfigurationList section */
	};
	rootObject = 2A428BB824CFE9CE009E9FF7 /* Project object */;
}
